// !$*UTF8*$!
{
	archiveVersion = 1;
	classes = {
	};
	objectVersion = 50;
	objects = {

/* Begin PBXBuildFile section */
		1304B8D18FD15D7A566D4BB7 /* Pods_MVVM_ios.framework in Frameworks */ = {isa = PBXBuildFile; fileRef = 4BE9A7E7A5EB6C37A773801B /* Pods_MVVM_ios.framework */; };
		91BC34FE2192C2D900CDD785 /* AppDelegate.swift in Sources */ = {isa = PBXBuildFile; fileRef = 91BC34FD2192C2D900CDD785 /* AppDelegate.swift */; };
		91BC35032192C2D900CDD785 /* Main.storyboard in Resources */ = {isa = PBXBuildFile; fileRef = 91BC35012192C2D900CDD785 /* Main.storyboard */; };
		91BC35062192C2D900CDD785 /* MVVM_ios.xcdatamodeld in Sources */ = {isa = PBXBuildFile; fileRef = 91BC35042192C2D900CDD785 /* MVVM_ios.xcdatamodeld */; };
		91BC35082192C2DB00CDD785 /* Assets.xcassets in Resources */ = {isa = PBXBuildFile; fileRef = 91BC35072192C2DB00CDD785 /* Assets.xcassets */; };
		91BC350B2192C2DB00CDD785 /* LaunchScreen.storyboard in Resources */ = {isa = PBXBuildFile; fileRef = 91BC35092192C2DB00CDD785 /* LaunchScreen.storyboard */; };
		A4079CD8219306C100A7178C /* SplashViewModel.swift in Sources */ = {isa = PBXBuildFile; fileRef = A4079CD7219306C100A7178C /* SplashViewModel.swift */; };
		A4079CDA219306E800A7178C /* SplashVC.swift in Sources */ = {isa = PBXBuildFile; fileRef = A4079CD9219306E800A7178C /* SplashVC.swift */; };
		A4079CDC219306FB00A7178C /* Configs.swift in Sources */ = {isa = PBXBuildFile; fileRef = A4079CDB219306FB00A7178C /* Configs.swift */; };
		A4079CE121930F3C00A7178C /* DataRepository.swift in Sources */ = {isa = PBXBuildFile; fileRef = A4079CE021930F3C00A7178C /* DataRepository.swift */; };
		A4079CE321930F5100A7178C /* DataRepositoryProtocol.swift in Sources */ = {isa = PBXBuildFile; fileRef = A4079CE221930F5100A7178C /* DataRepositoryProtocol.swift */; };
		A4079CE521930F6500A7178C /* APIHelperProtocol.swift in Sources */ = {isa = PBXBuildFile; fileRef = A4079CE421930F6500A7178C /* APIHelperProtocol.swift */; };
		A4079CE721930F8600A7178C /* DBHelperProtocol.swift in Sources */ = {isa = PBXBuildFile; fileRef = A4079CE621930F8600A7178C /* DBHelperProtocol.swift */; };
		A4079CE92193119300A7178C /* BaseTargetType.swift in Sources */ = {isa = PBXBuildFile; fileRef = A4079CE82193119300A7178C /* BaseTargetType.swift */; };
		A4079CEB2193136F00A7178C /* String+Encoding.swift in Sources */ = {isa = PBXBuildFile; fileRef = A4079CEA2193136F00A7178C /* String+Encoding.swift */; };
		A4079CF6219326CE00A7178C /* LoginVC.swift in Sources */ = {isa = PBXBuildFile; fileRef = A4079CF5219326CE00A7178C /* LoginVC.swift */; };
		A40A2FB321996F0A00307984 /* CheckBox.swift in Sources */ = {isa = PBXBuildFile; fileRef = A40A2FB221996F0A00307984 /* CheckBox.swift */; };
		A40A2FB921997B7D00307984 /* AccountVC.swift in Sources */ = {isa = PBXBuildFile; fileRef = A40A2FB821997B7D00307984 /* AccountVC.swift */; };
		A40A2FBB2199943400307984 /* AccountViewModel.swift in Sources */ = {isa = PBXBuildFile; fileRef = A40A2FBA2199943400307984 /* AccountViewModel.swift */; };
		A40A2FBD2199AFE100307984 /* TableViewCell+ReuseIdentifier.swift in Sources */ = {isa = PBXBuildFile; fileRef = A40A2FBC2199AFE100307984 /* TableViewCell+ReuseIdentifier.swift */; };
		A40A2FBF219AA6BA00307984 /* CoreDataManager.swift in Sources */ = {isa = PBXBuildFile; fileRef = A40A2FBE219AA6B900307984 /* CoreDataManager.swift */; };
		A40A2FC3219AB28F00307984 /* String+NS.swift in Sources */ = {isa = PBXBuildFile; fileRef = A40A2FC2219AB28F00307984 /* String+NS.swift */; };
		A47F7EE42195AE04001FD889 /* UITextView+Extensions.swift in Sources */ = {isa = PBXBuildFile; fileRef = A47F7EE32195AE04001FD889 /* UITextView+Extensions.swift */; };
		A47F7EE62195AFAD001FD889 /* LoginViewModel.swift in Sources */ = {isa = PBXBuildFile; fileRef = A47F7EE52195AFAD001FD889 /* LoginViewModel.swift */; };
		A47F7EE82195CB6D001FD889 /* User.swift in Sources */ = {isa = PBXBuildFile; fileRef = A47F7EE72195CB6D001FD889 /* User.swift */; };
		A48B4070219558100089008C /* UIView+Localization.swift in Sources */ = {isa = PBXBuildFile; fileRef = A48B406F219558100089008C /* UIView+Localization.swift */; };
		A48B4072219558530089008C /* JSONDecoder+MultipleLevels.swift in Sources */ = {isa = PBXBuildFile; fileRef = A48B4071219558530089008C /* JSONDecoder+MultipleLevels.swift */; };
		A48B407A219558860089008C /* LanguageManager.swift in Sources */ = {isa = PBXBuildFile; fileRef = A48B4079219558860089008C /* LanguageManager.swift */; };
		A48B4081219559180089008C /* Optional+Unwraping.swift in Sources */ = {isa = PBXBuildFile; fileRef = A48B4080219559180089008C /* Optional+Unwraping.swift */; };
		A48B4085219559550089008C /* ReachabilityService.swift in Sources */ = {isa = PBXBuildFile; fileRef = A48B4083219559550089008C /* ReachabilityService.swift */; };
		A48B4086219559550089008C /* Reachability.swift in Sources */ = {isa = PBXBuildFile; fileRef = A48B4084219559550089008C /* Reachability.swift */; };
		A48B4088219561DF0089008C /* UIViewController+StoryBoard.swift in Sources */ = {isa = PBXBuildFile; fileRef = A48B4087219561DF0089008C /* UIViewController+StoryBoard.swift */; };
		A4944BCB219AE47D00F078C8 /* UserDefaultsHelper.swift in Sources */ = {isa = PBXBuildFile; fileRef = A4944BCA219AE47D00F078C8 /* UserDefaultsHelper.swift */; };
		A4944BCD219AEB4200F078C8 /* KeychainManager.swift in Sources */ = {isa = PBXBuildFile; fileRef = A4944BCC219AEB4200F078C8 /* KeychainManager.swift */; };
		A4944BD8219C5D2400F078C8 /* Card+CoreDataProperties.swift in Sources */ = {isa = PBXBuildFile; fileRef = A4944BD7219C5D2400F078C8 /* Card+CoreDataProperties.swift */; };
		A4944BDA219C5D3200F078C8 /* Card+CoreDataClass.swift in Sources */ = {isa = PBXBuildFile; fileRef = A4944BD9219C5D3200F078C8 /* Card+CoreDataClass.swift */; };
		A4944BDC219C5D4100F078C8 /* Transaction.swift in Sources */ = {isa = PBXBuildFile; fileRef = A4944BDB219C5D4100F078C8 /* Transaction.swift */; };
		A4944BDE219C5D5400F078C8 /* TransactionViewModel.swift in Sources */ = {isa = PBXBuildFile; fileRef = A4944BDD219C5D5400F078C8 /* TransactionViewModel.swift */; };
		A4944BE0219D40D100F078C8 /* TransactionsVC.swift in Sources */ = {isa = PBXBuildFile; fileRef = A4944BDF219D40D100F078C8 /* TransactionsVC.swift */; };
		A4944BE3219D40F000F078C8 /* TransactionCell.swift in Sources */ = {isa = PBXBuildFile; fileRef = A4944BE1219D40F000F078C8 /* TransactionCell.swift */; };
		A4944BE4219D40F000F078C8 /* TransactionCell.xib in Resources */ = {isa = PBXBuildFile; fileRef = A4944BE2219D40F000F078C8 /* TransactionCell.xib */; };
		A4944BE6219D411400F078C8 /* SettingsVC.swift in Sources */ = {isa = PBXBuildFile; fileRef = A4944BE5219D411400F078C8 /* SettingsVC.swift */; };
		A4944BE8219D413200F078C8 /* CardsViewModel.swift in Sources */ = {isa = PBXBuildFile; fileRef = A4944BE7219D413200F078C8 /* CardsViewModel.swift */; };
		A4944BEA219D415D00F078C8 /* CardsVC.swift in Sources */ = {isa = PBXBuildFile; fileRef = A4944BE9219D415D00F078C8 /* CardsVC.swift */; };
		A4ADF625219D43FE00ABB7A5 /* KeyValueView.swift in Sources */ = {isa = PBXBuildFile; fileRef = A4ADF624219D43FE00ABB7A5 /* KeyValueView.swift */; };
		A4ADF629219D604300ABB7A5 /* KeyValueView.xib in Resources */ = {isa = PBXBuildFile; fileRef = A4ADF628219D604300ABB7A5 /* KeyValueView.xib */; };
/* End PBXBuildFile section */

/* Begin PBXFileReference section */
		4BE9A7E7A5EB6C37A773801B /* Pods_MVVM_ios.framework */ = {isa = PBXFileReference; explicitFileType = wrapper.framework; includeInIndex = 0; path = Pods_MVVM_ios.framework; sourceTree = BUILT_PRODUCTS_DIR; };
		8BF677FC9DD37A3F0E590A73 /* Pods-MVVM-ios.debug.xcconfig */ = {isa = PBXFileReference; includeInIndex = 1; lastKnownFileType = text.xcconfig; name = "Pods-MVVM-ios.debug.xcconfig"; path = "Pods/Target Support Files/Pods-MVVM-ios/Pods-MVVM-ios.debug.xcconfig"; sourceTree = "<group>"; };
		91BC34FA2192C2D900CDD785 /* MVVM-ios.app */ = {isa = PBXFileReference; explicitFileType = wrapper.application; includeInIndex = 0; path = "MVVM-ios.app"; sourceTree = BUILT_PRODUCTS_DIR; };
		91BC34FD2192C2D900CDD785 /* AppDelegate.swift */ = {isa = PBXFileReference; lastKnownFileType = sourcecode.swift; path = AppDelegate.swift; sourceTree = "<group>"; };
		91BC35022192C2D900CDD785 /* Base */ = {isa = PBXFileReference; lastKnownFileType = file.storyboard; name = Base; path = Base.lproj/Main.storyboard; sourceTree = "<group>"; };
		91BC35052192C2D900CDD785 /* MVVM_ios.xcdatamodel */ = {isa = PBXFileReference; lastKnownFileType = wrapper.xcdatamodel; path = MVVM_ios.xcdatamodel; sourceTree = "<group>"; };
		91BC35072192C2DB00CDD785 /* Assets.xcassets */ = {isa = PBXFileReference; lastKnownFileType = folder.assetcatalog; path = Assets.xcassets; sourceTree = "<group>"; };
		91BC350A2192C2DB00CDD785 /* Base */ = {isa = PBXFileReference; lastKnownFileType = file.storyboard; name = Base; path = Base.lproj/LaunchScreen.storyboard; sourceTree = "<group>"; };
		91BC350C2192C2DB00CDD785 /* Info.plist */ = {isa = PBXFileReference; lastKnownFileType = text.plist.xml; path = Info.plist; sourceTree = "<group>"; };
		A4079CD7219306C100A7178C /* SplashViewModel.swift */ = {isa = PBXFileReference; lastKnownFileType = sourcecode.swift; path = SplashViewModel.swift; sourceTree = "<group>"; };
		A4079CD9219306E800A7178C /* SplashVC.swift */ = {isa = PBXFileReference; lastKnownFileType = sourcecode.swift; path = SplashVC.swift; sourceTree = "<group>"; };
		A4079CDB219306FB00A7178C /* Configs.swift */ = {isa = PBXFileReference; lastKnownFileType = sourcecode.swift; path = Configs.swift; sourceTree = "<group>"; };
		A4079CE021930F3C00A7178C /* DataRepository.swift */ = {isa = PBXFileReference; lastKnownFileType = sourcecode.swift; path = DataRepository.swift; sourceTree = "<group>"; };
		A4079CE221930F5100A7178C /* DataRepositoryProtocol.swift */ = {isa = PBXFileReference; lastKnownFileType = sourcecode.swift; path = DataRepositoryProtocol.swift; sourceTree = "<group>"; };
		A4079CE421930F6500A7178C /* APIHelperProtocol.swift */ = {isa = PBXFileReference; lastKnownFileType = sourcecode.swift; path = APIHelperProtocol.swift; sourceTree = "<group>"; };
		A4079CE621930F8600A7178C /* DBHelperProtocol.swift */ = {isa = PBXFileReference; lastKnownFileType = sourcecode.swift; path = DBHelperProtocol.swift; sourceTree = "<group>"; };
		A4079CE82193119300A7178C /* BaseTargetType.swift */ = {isa = PBXFileReference; lastKnownFileType = sourcecode.swift; path = BaseTargetType.swift; sourceTree = "<group>"; };
		A4079CEA2193136F00A7178C /* String+Encoding.swift */ = {isa = PBXFileReference; fileEncoding = 4; lastKnownFileType = sourcecode.swift; path = "String+Encoding.swift"; sourceTree = "<group>"; };
		A4079CF5219326CE00A7178C /* LoginVC.swift */ = {isa = PBXFileReference; lastKnownFileType = sourcecode.swift; path = LoginVC.swift; sourceTree = "<group>"; };
		A40A2FB221996F0A00307984 /* CheckBox.swift */ = {isa = PBXFileReference; lastKnownFileType = sourcecode.swift; path = CheckBox.swift; sourceTree = "<group>"; };
		A40A2FB821997B7D00307984 /* AccountVC.swift */ = {isa = PBXFileReference; lastKnownFileType = sourcecode.swift; path = AccountVC.swift; sourceTree = "<group>"; };
		A40A2FBA2199943400307984 /* AccountViewModel.swift */ = {isa = PBXFileReference; lastKnownFileType = sourcecode.swift; path = AccountViewModel.swift; sourceTree = "<group>"; };
		A40A2FBC2199AFE100307984 /* TableViewCell+ReuseIdentifier.swift */ = {isa = PBXFileReference; fileEncoding = 4; lastKnownFileType = sourcecode.swift; path = "TableViewCell+ReuseIdentifier.swift"; sourceTree = "<group>"; };
		A40A2FBE219AA6B900307984 /* CoreDataManager.swift */ = {isa = PBXFileReference; fileEncoding = 4; lastKnownFileType = sourcecode.swift; path = CoreDataManager.swift; sourceTree = "<group>"; };
		A40A2FC2219AB28F00307984 /* String+NS.swift */ = {isa = PBXFileReference; lastKnownFileType = sourcecode.swift; path = "String+NS.swift"; sourceTree = "<group>"; };
		A47F7EE32195AE04001FD889 /* UITextView+Extensions.swift */ = {isa = PBXFileReference; fileEncoding = 4; lastKnownFileType = sourcecode.swift; path = "UITextView+Extensions.swift"; sourceTree = "<group>"; };
		A47F7EE52195AFAD001FD889 /* LoginViewModel.swift */ = {isa = PBXFileReference; lastKnownFileType = sourcecode.swift; path = LoginViewModel.swift; sourceTree = "<group>"; };
		A47F7EE72195CB6D001FD889 /* User.swift */ = {isa = PBXFileReference; lastKnownFileType = sourcecode.swift; path = User.swift; sourceTree = "<group>"; };
		A48B406F219558100089008C /* UIView+Localization.swift */ = {isa = PBXFileReference; fileEncoding = 4; lastKnownFileType = sourcecode.swift; path = "UIView+Localization.swift"; sourceTree = "<group>"; };
		A48B4071219558530089008C /* JSONDecoder+MultipleLevels.swift */ = {isa = PBXFileReference; fileEncoding = 4; lastKnownFileType = sourcecode.swift; path = "JSONDecoder+MultipleLevels.swift"; sourceTree = "<group>"; };
		A48B4079219558860089008C /* LanguageManager.swift */ = {isa = PBXFileReference; fileEncoding = 4; lastKnownFileType = sourcecode.swift; path = LanguageManager.swift; sourceTree = "<group>"; };
		A48B4080219559180089008C /* Optional+Unwraping.swift */ = {isa = PBXFileReference; fileEncoding = 4; lastKnownFileType = sourcecode.swift; path = "Optional+Unwraping.swift"; sourceTree = "<group>"; };
		A48B4083219559550089008C /* ReachabilityService.swift */ = {isa = PBXFileReference; fileEncoding = 4; lastKnownFileType = sourcecode.swift; path = ReachabilityService.swift; sourceTree = "<group>"; };
		A48B4084219559550089008C /* Reachability.swift */ = {isa = PBXFileReference; fileEncoding = 4; lastKnownFileType = sourcecode.swift; path = Reachability.swift; sourceTree = "<group>"; };
		A48B4087219561DF0089008C /* UIViewController+StoryBoard.swift */ = {isa = PBXFileReference; lastKnownFileType = sourcecode.swift; path = "UIViewController+StoryBoard.swift"; sourceTree = "<group>"; };
		A4944BCA219AE47D00F078C8 /* UserDefaultsHelper.swift */ = {isa = PBXFileReference; lastKnownFileType = sourcecode.swift; path = UserDefaultsHelper.swift; sourceTree = "<group>"; };
		A4944BCC219AEB4200F078C8 /* KeychainManager.swift */ = {isa = PBXFileReference; lastKnownFileType = sourcecode.swift; path = KeychainManager.swift; sourceTree = "<group>"; };
		A4944BD7219C5D2400F078C8 /* Card+CoreDataProperties.swift */ = {isa = PBXFileReference; lastKnownFileType = sourcecode.swift; path = "Card+CoreDataProperties.swift"; sourceTree = "<group>"; };
		A4944BD9219C5D3200F078C8 /* Card+CoreDataClass.swift */ = {isa = PBXFileReference; lastKnownFileType = sourcecode.swift; path = "Card+CoreDataClass.swift"; sourceTree = "<group>"; };
		A4944BDB219C5D4100F078C8 /* Transaction.swift */ = {isa = PBXFileReference; lastKnownFileType = sourcecode.swift; path = Transaction.swift; sourceTree = "<group>"; };
		A4944BDD219C5D5400F078C8 /* TransactionViewModel.swift */ = {isa = PBXFileReference; lastKnownFileType = sourcecode.swift; path = TransactionViewModel.swift; sourceTree = "<group>"; };
		A4944BDF219D40D100F078C8 /* TransactionsVC.swift */ = {isa = PBXFileReference; lastKnownFileType = sourcecode.swift; path = TransactionsVC.swift; sourceTree = "<group>"; };
		A4944BE1219D40F000F078C8 /* TransactionCell.swift */ = {isa = PBXFileReference; lastKnownFileType = sourcecode.swift; path = TransactionCell.swift; sourceTree = "<group>"; };
		A4944BE2219D40F000F078C8 /* TransactionCell.xib */ = {isa = PBXFileReference; lastKnownFileType = file.xib; path = TransactionCell.xib; sourceTree = "<group>"; };
		A4944BE5219D411400F078C8 /* SettingsVC.swift */ = {isa = PBXFileReference; lastKnownFileType = sourcecode.swift; path = SettingsVC.swift; sourceTree = "<group>"; };
		A4944BE7219D413200F078C8 /* CardsViewModel.swift */ = {isa = PBXFileReference; lastKnownFileType = sourcecode.swift; path = CardsViewModel.swift; sourceTree = "<group>"; };
		A4944BE9219D415D00F078C8 /* CardsVC.swift */ = {isa = PBXFileReference; lastKnownFileType = sourcecode.swift; path = CardsVC.swift; sourceTree = "<group>"; };
		A4ADF624219D43FE00ABB7A5 /* KeyValueView.swift */ = {isa = PBXFileReference; lastKnownFileType = sourcecode.swift; path = KeyValueView.swift; sourceTree = "<group>"; };
		A4ADF628219D604300ABB7A5 /* KeyValueView.xib */ = {isa = PBXFileReference; lastKnownFileType = file.xib; path = KeyValueView.xib; sourceTree = "<group>"; };
		AAF51DB13A53C6CD1976688A /* Pods-MVVM-ios.release.xcconfig */ = {isa = PBXFileReference; includeInIndex = 1; lastKnownFileType = text.xcconfig; name = "Pods-MVVM-ios.release.xcconfig"; path = "Pods/Target Support Files/Pods-MVVM-ios/Pods-MVVM-ios.release.xcconfig"; sourceTree = "<group>"; };
/* End PBXFileReference section */

/* Begin PBXFrameworksBuildPhase section */
		91BC34F72192C2D900CDD785 /* Frameworks */ = {
			isa = PBXFrameworksBuildPhase;
			buildActionMask = 2147483647;
			files = (
				1304B8D18FD15D7A566D4BB7 /* Pods_MVVM_ios.framework in Frameworks */,
			);
			runOnlyForDeploymentPostprocessing = 0;
		};
/* End PBXFrameworksBuildPhase section */

/* Begin PBXGroup section */
		91BC34F12192C2D900CDD785 = {
			isa = PBXGroup;
			children = (
				91BC34FC2192C2D900CDD785 /* MVVM-ios */,
				91BC34FB2192C2D900CDD785 /* Products */,
				A6C8F3565FD10568B2631469 /* Pods */,
				DA5ECF962FF324B8646DCA8F /* Frameworks */,
			);
			sourceTree = "<group>";
		};
		91BC34FB2192C2D900CDD785 /* Products */ = {
			isa = PBXGroup;
			children = (
				91BC34FA2192C2D900CDD785 /* MVVM-ios.app */,
			);
			name = Products;
			sourceTree = "<group>";
		};
		91BC34FC2192C2D900CDD785 /* MVVM-ios */ = {
			isa = PBXGroup;
			children = (
				A4079CCE2193007500A7178C /* Domain */,
				A4079CCF2193007F00A7178C /* General */,
				91BC35012192C2D900CDD785 /* Main.storyboard */,
			);
			path = "MVVM-ios";
			sourceTree = "<group>";
		};
		A4079CCE2193007500A7178C /* Domain */ = {
			isa = PBXGroup;
			children = (
				A4944BD6219C5AB600F078C8 /* Settings */,
				A4944BD2219C5A9800F078C8 /* Transactions */,
				A4944BCE219C5A7900F078C8 /* Cards */,
				A40A2FB4219975D900307984 /* Account */,
				A4079CF12193266900A7178C /* Login */,
				A4079CD32193017A00A7178C /* Splash */,
				A4079CDD2193083000A7178C /* Repository */,
				A4079CD2219300EF00A7178C /* CoreData */,
			);
			path = Domain;
			sourceTree = "<group>";
		};
		A4079CCF2193007F00A7178C /* General */ = {
			isa = PBXGroup;
			children = (
				A40A2FB121996EEA00307984 /* 3th Party */,
				A4079CD1219300DD00A7178C /* Extension */,
				A4079CD0219300BF00A7178C /* Support Files */,
			);
			path = General;
			sourceTree = "<group>";
		};
		A4079CD0219300BF00A7178C /* Support Files */ = {
			isa = PBXGroup;
			children = (
				A48B4082219559400089008C /* Reachibility */,
				A48B4078219558860089008C /* InApp Localization */,
				91BC35092192C2DB00CDD785 /* LaunchScreen.storyboard */,
				91BC34FD2192C2D900CDD785 /* AppDelegate.swift */,
				91BC35072192C2DB00CDD785 /* Assets.xcassets */,
				91BC350C2192C2DB00CDD785 /* Info.plist */,
			);
			path = "Support Files";
			sourceTree = "<group>";
		};
		A4079CD1219300DD00A7178C /* Extension */ = {
			isa = PBXGroup;
			children = (
				A40A2FBC2199AFE100307984 /* TableViewCell+ReuseIdentifier.swift */,
				A4079CEA2193136F00A7178C /* String+Encoding.swift */,
				A48B406F219558100089008C /* UIView+Localization.swift */,
				A48B4071219558530089008C /* JSONDecoder+MultipleLevels.swift */,
				A48B4080219559180089008C /* Optional+Unwraping.swift */,
				A48B4087219561DF0089008C /* UIViewController+StoryBoard.swift */,
				A47F7EE32195AE04001FD889 /* UITextView+Extensions.swift */,
				A40A2FC2219AB28F00307984 /* String+NS.swift */,
			);
			path = Extension;
			sourceTree = "<group>";
		};
		A4079CD2219300EF00A7178C /* CoreData */ = {
			isa = PBXGroup;
			children = (
				A40A2FBE219AA6B900307984 /* CoreDataManager.swift */,
				91BC35042192C2D900CDD785 /* MVVM_ios.xcdatamodeld */,
			);
			path = CoreData;
			sourceTree = "<group>";
		};
		A4079CD32193017A00A7178C /* Splash */ = {
			isa = PBXGroup;
			children = (
				A4079CD62193069800A7178C /* ViewModel */,
				A4079CD52193069200A7178C /* View */,
				A4079CD42193068D00A7178C /* Model */,
			);
			path = Splash;
			sourceTree = "<group>";
		};
		A4079CD42193068D00A7178C /* Model */ = {
			isa = PBXGroup;
			children = (
				A4079CDB219306FB00A7178C /* Configs.swift */,
			);
			path = Model;
			sourceTree = "<group>";
		};
		A4079CD52193069200A7178C /* View */ = {
			isa = PBXGroup;
			children = (
				A4079CD9219306E800A7178C /* SplashVC.swift */,
			);
			path = View;
			sourceTree = "<group>";
		};
		A4079CD62193069800A7178C /* ViewModel */ = {
			isa = PBXGroup;
			children = (
				A4079CD7219306C100A7178C /* SplashViewModel.swift */,
			);
			path = ViewModel;
			sourceTree = "<group>";
		};
		A4079CDD2193083000A7178C /* Repository */ = {
			isa = PBXGroup;
			children = (
				A4079CDE2193083A00A7178C /* Protocols */,
				A4079CE021930F3C00A7178C /* DataRepository.swift */,
				A4079CE82193119300A7178C /* BaseTargetType.swift */,
				A4944BCC219AEB4200F078C8 /* KeychainManager.swift */,
			);
			path = Repository;
			sourceTree = "<group>";
		};
		A4079CDE2193083A00A7178C /* Protocols */ = {
			isa = PBXGroup;
			children = (
				A4079CE221930F5100A7178C /* DataRepositoryProtocol.swift */,
				A4079CE421930F6500A7178C /* APIHelperProtocol.swift */,
				A4079CE621930F8600A7178C /* DBHelperProtocol.swift */,
				A4944BCA219AE47D00F078C8 /* UserDefaultsHelper.swift */,
			);
			path = Protocols;
			sourceTree = "<group>";
		};
		A4079CF12193266900A7178C /* Login */ = {
			isa = PBXGroup;
			children = (
				A4079CF42193267B00A7178C /* ViewModel */,
				A4079CF32193267700A7178C /* Model */,
				A4079CF22193267000A7178C /* View */,
			);
			path = Login;
			sourceTree = "<group>";
		};
		A4079CF22193267000A7178C /* View */ = {
			isa = PBXGroup;
			children = (
				A4079CF5219326CE00A7178C /* LoginVC.swift */,
			);
			path = View;
			sourceTree = "<group>";
		};
		A4079CF32193267700A7178C /* Model */ = {
			isa = PBXGroup;
			children = (
				A47F7EE72195CB6D001FD889 /* User.swift */,
			);
			path = Model;
			sourceTree = "<group>";
		};
		A4079CF42193267B00A7178C /* ViewModel */ = {
			isa = PBXGroup;
			children = (
				A47F7EE52195AFAD001FD889 /* LoginViewModel.swift */,
			);
			path = ViewModel;
			sourceTree = "<group>";
		};
		A40A2FB121996EEA00307984 /* 3th Party */ = {
			isa = PBXGroup;
			children = (
				A40A2FB221996F0A00307984 /* CheckBox.swift */,
			);
			path = "3th Party";
			sourceTree = "<group>";
		};
		A40A2FB4219975D900307984 /* Account */ = {
			isa = PBXGroup;
			children = (
				A40A2FB7219975F000307984 /* ViewModel */,
				A40A2FB6219975EA00307984 /* View */,
				A40A2FB5219975E000307984 /* Model */,
			);
			path = Account;
			sourceTree = "<group>";
		};
		A40A2FB5219975E000307984 /* Model */ = {
			isa = PBXGroup;
			children = (
			);
			path = Model;
			sourceTree = "<group>";
		};
		A40A2FB6219975EA00307984 /* View */ = {
			isa = PBXGroup;
			children = (
				A40A2FB821997B7D00307984 /* AccountVC.swift */,
			);
			path = View;
			sourceTree = "<group>";
		};
		A40A2FB7219975F000307984 /* ViewModel */ = {
			isa = PBXGroup;
			children = (
				A40A2FBA2199943400307984 /* AccountViewModel.swift */,
			);
			path = ViewModel;
			sourceTree = "<group>";
		};
		A48B4078219558860089008C /* InApp Localization */ = {
			isa = PBXGroup;
			children = (
				A48B4079219558860089008C /* LanguageManager.swift */,
			);
			path = "InApp Localization";
			sourceTree = "<group>";
		};
		A48B4082219559400089008C /* Reachibility */ = {
			isa = PBXGroup;
			children = (
				A48B4084219559550089008C /* Reachability.swift */,
				A48B4083219559550089008C /* ReachabilityService.swift */,
			);
			path = Reachibility;
			sourceTree = "<group>";
		};
		A4944BCE219C5A7900F078C8 /* Cards */ = {
			isa = PBXGroup;
			children = (
				A4944BD1219C5A9100F078C8 /* ViewModel */,
				A4944BD0219C5A8C00F078C8 /* View */,
				A4944BCF219C5A8400F078C8 /* Model */,
			);
			path = Cards;
			sourceTree = "<group>";
		};
		A4944BCF219C5A8400F078C8 /* Model */ = {
			isa = PBXGroup;
			children = (
				A4944BD7219C5D2400F078C8 /* Card+CoreDataProperties.swift */,
				A4944BD9219C5D3200F078C8 /* Card+CoreDataClass.swift */,
			);
			path = Model;
			sourceTree = "<group>";
		};
		A4944BD0219C5A8C00F078C8 /* View */ = {
			isa = PBXGroup;
			children = (
				A4944BE9219D415D00F078C8 /* CardsVC.swift */,
			);
			path = View;
			sourceTree = "<group>";
		};
		A4944BD1219C5A9100F078C8 /* ViewModel */ = {
			isa = PBXGroup;
			children = (
				A4944BE7219D413200F078C8 /* CardsViewModel.swift */,
			);
			path = ViewModel;
			sourceTree = "<group>";
		};
		A4944BD2219C5A9800F078C8 /* Transactions */ = {
			isa = PBXGroup;
			children = (
				A4944BD5219C5AB000F078C8 /* ViewModel */,
				A4944BD4219C5AAA00F078C8 /* View */,
				A4944BD3219C5AA200F078C8 /* Model */,
			);
			path = Transactions;
			sourceTree = "<group>";
		};
		A4944BD3219C5AA200F078C8 /* Model */ = {
			isa = PBXGroup;
			children = (
				A4944BDB219C5D4100F078C8 /* Transaction.swift */,
			);
			path = Model;
			sourceTree = "<group>";
		};
		A4944BD4219C5AAA00F078C8 /* View */ = {
			isa = PBXGroup;
			children = (
				A4944BDF219D40D100F078C8 /* TransactionsVC.swift */,
				A4944BE1219D40F000F078C8 /* TransactionCell.swift */,
				A4944BE2219D40F000F078C8 /* TransactionCell.xib */,
				A4ADF624219D43FE00ABB7A5 /* KeyValueView.swift */,
				A4ADF628219D604300ABB7A5 /* KeyValueView.xib */,
			);
			path = View;
			sourceTree = "<group>";
		};
		A4944BD5219C5AB000F078C8 /* ViewModel */ = {
			isa = PBXGroup;
			children = (
				A4944BDD219C5D5400F078C8 /* TransactionViewModel.swift */,
			);
			path = ViewModel;
			sourceTree = "<group>";
		};
		A4944BD6219C5AB600F078C8 /* Settings */ = {
			isa = PBXGroup;
			children = (
				A4944BE5219D411400F078C8 /* SettingsVC.swift */,
			);
			path = Settings;
			sourceTree = "<group>";
		};
		A6C8F3565FD10568B2631469 /* Pods */ = {
			isa = PBXGroup;
			children = (
				8BF677FC9DD37A3F0E590A73 /* Pods-MVVM-ios.debug.xcconfig */,
				AAF51DB13A53C6CD1976688A /* Pods-MVVM-ios.release.xcconfig */,
			);
			name = Pods;
			sourceTree = "<group>";
		};
		DA5ECF962FF324B8646DCA8F /* Frameworks */ = {
			isa = PBXGroup;
			children = (
				4BE9A7E7A5EB6C37A773801B /* Pods_MVVM_ios.framework */,
			);
			name = Frameworks;
			sourceTree = "<group>";
		};
/* End PBXGroup section */

/* Begin PBXNativeTarget section */
		91BC34F92192C2D900CDD785 /* MVVM-ios */ = {
			isa = PBXNativeTarget;
			buildConfigurationList = 91BC350F2192C2DB00CDD785 /* Build configuration list for PBXNativeTarget "MVVM-ios" */;
			buildPhases = (
				8235072E8BE6B36CDDA0D0A0 /* [CP] Check Pods Manifest.lock */,
				91BC34F62192C2D900CDD785 /* Sources */,
				91BC34F72192C2D900CDD785 /* Frameworks */,
				91BC34F82192C2D900CDD785 /* Resources */,
				80AF7026CA824A9C869154D1 /* [CP] Embed Pods Frameworks */,
			);
			buildRules = (
			);
			dependencies = (
			);
			name = "MVVM-ios";
			productName = "MVVM-ios";
			productReference = 91BC34FA2192C2D900CDD785 /* MVVM-ios.app */;
			productType = "com.apple.product-type.application";
		};
/* End PBXNativeTarget section */

/* Begin PBXProject section */
		91BC34F22192C2D900CDD785 /* Project object */ = {
			isa = PBXProject;
			attributes = {
				LastSwiftUpdateCheck = 1010;
				LastUpgradeCheck = 1010;
				ORGANIZATIONNAME = "Matevos Ghazaryan";
				TargetAttributes = {
					91BC34F92192C2D900CDD785 = {
						CreatedOnToolsVersion = 10.1;
					};
				};
			};
			buildConfigurationList = 91BC34F52192C2D900CDD785 /* Build configuration list for PBXProject "MVVM-ios" */;
			compatibilityVersion = "Xcode 9.3";
			developmentRegion = en;
			hasScannedForEncodings = 0;
			knownRegions = (
				en,
				Base,
			);
			mainGroup = 91BC34F12192C2D900CDD785;
			productRefGroup = 91BC34FB2192C2D900CDD785 /* Products */;
			projectDirPath = "";
			projectRoot = "";
			targets = (
				91BC34F92192C2D900CDD785 /* MVVM-ios */,
			);
		};
/* End PBXProject section */

/* Begin PBXResourcesBuildPhase section */
		91BC34F82192C2D900CDD785 /* Resources */ = {
			isa = PBXResourcesBuildPhase;
			buildActionMask = 2147483647;
			files = (
				91BC350B2192C2DB00CDD785 /* LaunchScreen.storyboard in Resources */,
				91BC35082192C2DB00CDD785 /* Assets.xcassets in Resources */,
				A4944BE4219D40F000F078C8 /* TransactionCell.xib in Resources */,
				A4ADF629219D604300ABB7A5 /* KeyValueView.xib in Resources */,
				91BC35032192C2D900CDD785 /* Main.storyboard in Resources */,
			);
			runOnlyForDeploymentPostprocessing = 0;
		};
/* End PBXResourcesBuildPhase section */

/* Begin PBXShellScriptBuildPhase section */
		80AF7026CA824A9C869154D1 /* [CP] Embed Pods Frameworks */ = {
			isa = PBXShellScriptBuildPhase;
			buildActionMask = 2147483647;
			files = (
			);
			inputPaths = (
				"${SRCROOT}/Pods/Target Support Files/Pods-MVVM-ios/Pods-MVVM-ios-frameworks.sh",
				"${BUILT_PRODUCTS_DIR}/Alamofire/Alamofire.framework",
				"${BUILT_PRODUCTS_DIR}/Moya/Moya.framework",
				"${BUILT_PRODUCTS_DIR}/Result/Result.framework",
				"${BUILT_PRODUCTS_DIR}/RxCocoa/RxCocoa.framework",
				"${BUILT_PRODUCTS_DIR}/RxOptional/RxOptional.framework",
				"${BUILT_PRODUCTS_DIR}/RxSwift/RxSwift.framework",
			);
			name = "[CP] Embed Pods Frameworks";
			outputPaths = (
				"${TARGET_BUILD_DIR}/${FRAMEWORKS_FOLDER_PATH}/Alamofire.framework",
				"${TARGET_BUILD_DIR}/${FRAMEWORKS_FOLDER_PATH}/Moya.framework",
				"${TARGET_BUILD_DIR}/${FRAMEWORKS_FOLDER_PATH}/Result.framework",
				"${TARGET_BUILD_DIR}/${FRAMEWORKS_FOLDER_PATH}/RxCocoa.framework",
				"${TARGET_BUILD_DIR}/${FRAMEWORKS_FOLDER_PATH}/RxOptional.framework",
				"${TARGET_BUILD_DIR}/${FRAMEWORKS_FOLDER_PATH}/RxSwift.framework",
			);
			runOnlyForDeploymentPostprocessing = 0;
			shellPath = /bin/sh;
			shellScript = "\"${SRCROOT}/Pods/Target Support Files/Pods-MVVM-ios/Pods-MVVM-ios-frameworks.sh\"\n";
			showEnvVarsInLog = 0;
		};
		8235072E8BE6B36CDDA0D0A0 /* [CP] Check Pods Manifest.lock */ = {
			isa = PBXShellScriptBuildPhase;
			buildActionMask = 2147483647;
			files = (
			);
			inputPaths = (
				"${PODS_PODFILE_DIR_PATH}/Podfile.lock",
				"${PODS_ROOT}/Manifest.lock",
			);
			name = "[CP] Check Pods Manifest.lock";
			outputPaths = (
				"$(DERIVED_FILE_DIR)/Pods-MVVM-ios-checkManifestLockResult.txt",
			);
			runOnlyForDeploymentPostprocessing = 0;
			shellPath = /bin/sh;
			shellScript = "diff \"${PODS_PODFILE_DIR_PATH}/Podfile.lock\" \"${PODS_ROOT}/Manifest.lock\" > /dev/null\nif [ $? != 0 ] ; then\n    # print error to STDERR\n    echo \"error: The sandbox is not in sync with the Podfile.lock. Run 'pod install' or update your CocoaPods installation.\" >&2\n    exit 1\nfi\n# This output is used by Xcode 'outputs' to avoid re-running this script phase.\necho \"SUCCESS\" > \"${SCRIPT_OUTPUT_FILE_0}\"\n";
			showEnvVarsInLog = 0;
		};
/* End PBXShellScriptBuildPhase section */

/* Begin PBXSourcesBuildPhase section */
		91BC34F62192C2D900CDD785 /* Sources */ = {
			isa = PBXSourcesBuildPhase;
			buildActionMask = 2147483647;
			files = (
				A48B4088219561DF0089008C /* UIViewController+StoryBoard.swift in Sources */,
				A48B4070219558100089008C /* UIView+Localization.swift in Sources */,
				A4079CE321930F5100A7178C /* DataRepositoryProtocol.swift in Sources */,
				A4079CE721930F8600A7178C /* DBHelperProtocol.swift in Sources */,
				A48B407A219558860089008C /* LanguageManager.swift in Sources */,
				A4079CF6219326CE00A7178C /* LoginVC.swift in Sources */,
				A40A2FBF219AA6BA00307984 /* CoreDataManager.swift in Sources */,
				A40A2FBB2199943400307984 /* AccountViewModel.swift in Sources */,
				A47F7EE62195AFAD001FD889 /* LoginViewModel.swift in Sources */,
				A4079CDC219306FB00A7178C /* Configs.swift in Sources */,
				A40A2FB921997B7D00307984 /* AccountVC.swift in Sources */,
				A4944BDC219C5D4100F078C8 /* Transaction.swift in Sources */,
				A4944BEA219D415D00F078C8 /* CardsVC.swift in Sources */,
				A4079CD8219306C100A7178C /* SplashViewModel.swift in Sources */,
				A4079CDA219306E800A7178C /* SplashVC.swift in Sources */,
				A4944BE8219D413200F078C8 /* CardsViewModel.swift in Sources */,
				A4944BE3219D40F000F078C8 /* TransactionCell.swift in Sources */,
				A4944BCB219AE47D00F078C8 /* UserDefaultsHelper.swift in Sources */,
				A47F7EE82195CB6D001FD889 /* User.swift in Sources */,
				A40A2FBD2199AFE100307984 /* TableViewCell+ReuseIdentifier.swift in Sources */,
				A4944BD8219C5D2400F078C8 /* Card+CoreDataProperties.swift in Sources */,
				A4944BDA219C5D3200F078C8 /* Card+CoreDataClass.swift in Sources */,
				A4944BE6219D411400F078C8 /* SettingsVC.swift in Sources */,
				A4079CE92193119300A7178C /* BaseTargetType.swift in Sources */,
				A4079CE121930F3C00A7178C /* DataRepository.swift in Sources */,
				A47F7EE42195AE04001FD889 /* UITextView+Extensions.swift in Sources */,
				A4944BCD219AEB4200F078C8 /* KeychainManager.swift in Sources */,
				A48B4081219559180089008C /* Optional+Unwraping.swift in Sources */,
				A48B4085219559550089008C /* ReachabilityService.swift in Sources */,
				A40A2FC3219AB28F00307984 /* String+NS.swift in Sources */,
				A4ADF625219D43FE00ABB7A5 /* KeyValueView.swift in Sources */,
				A48B4072219558530089008C /* JSONDecoder+MultipleLevels.swift in Sources */,
				91BC34FE2192C2D900CDD785 /* AppDelegate.swift in Sources */,
				A4079CEB2193136F00A7178C /* String+Encoding.swift in Sources */,
				A4944BE0219D40D100F078C8 /* TransactionsVC.swift in Sources */,
				A4944BDE219C5D5400F078C8 /* TransactionViewModel.swift in Sources */,
				A4079CE521930F6500A7178C /* APIHelperProtocol.swift in Sources */,
				A40A2FB321996F0A00307984 /* CheckBox.swift in Sources */,
				A48B4086219559550089008C /* Reachability.swift in Sources */,
				91BC35062192C2D900CDD785 /* MVVM_ios.xcdatamodeld in Sources */,
			);
			runOnlyForDeploymentPostprocessing = 0;
		};
/* End PBXSourcesBuildPhase section */

/* Begin PBXVariantGroup section */
		91BC35012192C2D900CDD785 /* Main.storyboard */ = {
			isa = PBXVariantGroup;
			children = (
				91BC35022192C2D900CDD785 /* Base */,
			);
			name = Main.storyboard;
			sourceTree = "<group>";
		};
		91BC35092192C2DB00CDD785 /* LaunchScreen.storyboard */ = {
			isa = PBXVariantGroup;
			children = (
				91BC350A2192C2DB00CDD785 /* Base */,
			);
			name = LaunchScreen.storyboard;
			sourceTree = "<group>";
		};
/* End PBXVariantGroup section */

/* Begin XCBuildConfiguration section */
		91BC350D2192C2DB00CDD785 /* Debug */ = {
			isa = XCBuildConfiguration;
			buildSettings = {
				ALWAYS_SEARCH_USER_PATHS = NO;
				CLANG_ANALYZER_NONNULL = YES;
				CLANG_ANALYZER_NUMBER_OBJECT_CONVERSION = YES_AGGRESSIVE;
				CLANG_CXX_LANGUAGE_STANDARD = "gnu++14";
				CLANG_CXX_LIBRARY = "libc++";
				CLANG_ENABLE_MODULES = YES;
				CLANG_ENABLE_OBJC_ARC = YES;
				CLANG_ENABLE_OBJC_WEAK = YES;
				CLANG_WARN_BLOCK_CAPTURE_AUTORELEASING = YES;
				CLANG_WARN_BOOL_CONVERSION = YES;
				CLANG_WARN_COMMA = YES;
				CLANG_WARN_CONSTANT_CONVERSION = YES;
				CLANG_WARN_DEPRECATED_OBJC_IMPLEMENTATIONS = YES;
				CLANG_WARN_DIRECT_OBJC_ISA_USAGE = YES_ERROR;
				CLANG_WARN_DOCUMENTATION_COMMENTS = YES;
				CLANG_WARN_EMPTY_BODY = YES;
				CLANG_WARN_ENUM_CONVERSION = YES;
				CLANG_WARN_INFINITE_RECURSION = YES;
				CLANG_WARN_INT_CONVERSION = YES;
				CLANG_WARN_NON_LITERAL_NULL_CONVERSION = YES;
				CLANG_WARN_OBJC_IMPLICIT_RETAIN_SELF = YES;
				CLANG_WARN_OBJC_LITERAL_CONVERSION = YES;
				CLANG_WARN_OBJC_ROOT_CLASS = YES_ERROR;
				CLANG_WARN_RANGE_LOOP_ANALYSIS = YES;
				CLANG_WARN_STRICT_PROTOTYPES = YES;
				CLANG_WARN_SUSPICIOUS_MOVE = YES;
				CLANG_WARN_UNGUARDED_AVAILABILITY = YES_AGGRESSIVE;
				CLANG_WARN_UNREACHABLE_CODE = YES;
				CLANG_WARN__DUPLICATE_METHOD_MATCH = YES;
				CODE_SIGN_IDENTITY = "iPhone Developer";
				COPY_PHASE_STRIP = NO;
				DEBUG_INFORMATION_FORMAT = dwarf;
				ENABLE_STRICT_OBJC_MSGSEND = YES;
				ENABLE_TESTABILITY = YES;
				GCC_C_LANGUAGE_STANDARD = gnu11;
				GCC_DYNAMIC_NO_PIC = NO;
				GCC_NO_COMMON_BLOCKS = YES;
				GCC_OPTIMIZATION_LEVEL = 0;
				GCC_PREPROCESSOR_DEFINITIONS = (
					"DEBUG=1",
					"$(inherited)",
				);
				GCC_WARN_64_TO_32_BIT_CONVERSION = YES;
				GCC_WARN_ABOUT_RETURN_TYPE = YES_ERROR;
				GCC_WARN_UNDECLARED_SELECTOR = YES;
				GCC_WARN_UNINITIALIZED_AUTOS = YES_AGGRESSIVE;
				GCC_WARN_UNUSED_FUNCTION = YES;
				GCC_WARN_UNUSED_VARIABLE = YES;
				IPHONEOS_DEPLOYMENT_TARGET = 10.0;
				MTL_ENABLE_DEBUG_INFO = INCLUDE_SOURCE;
				MTL_FAST_MATH = YES;
				ONLY_ACTIVE_ARCH = YES;
				SDKROOT = iphoneos;
				SWIFT_ACTIVE_COMPILATION_CONDITIONS = DEBUG;
				SWIFT_OPTIMIZATION_LEVEL = "-Onone";
			};
			name = Debug;
		};
		91BC350E2192C2DB00CDD785 /* Release */ = {
			isa = XCBuildConfiguration;
			buildSettings = {
				ALWAYS_SEARCH_USER_PATHS = NO;
				CLANG_ANALYZER_NONNULL = YES;
				CLANG_ANALYZER_NUMBER_OBJECT_CONVERSION = YES_AGGRESSIVE;
				CLANG_CXX_LANGUAGE_STANDARD = "gnu++14";
				CLANG_CXX_LIBRARY = "libc++";
				CLANG_ENABLE_MODULES = YES;
				CLANG_ENABLE_OBJC_ARC = YES;
				CLANG_ENABLE_OBJC_WEAK = YES;
				CLANG_WARN_BLOCK_CAPTURE_AUTORELEASING = YES;
				CLANG_WARN_BOOL_CONVERSION = YES;
				CLANG_WARN_COMMA = YES;
				CLANG_WARN_CONSTANT_CONVERSION = YES;
				CLANG_WARN_DEPRECATED_OBJC_IMPLEMENTATIONS = YES;
				CLANG_WARN_DIRECT_OBJC_ISA_USAGE = YES_ERROR;
				CLANG_WARN_DOCUMENTATION_COMMENTS = YES;
				CLANG_WARN_EMPTY_BODY = YES;
				CLANG_WARN_ENUM_CONVERSION = YES;
				CLANG_WARN_INFINITE_RECURSION = YES;
				CLANG_WARN_INT_CONVERSION = YES;
				CLANG_WARN_NON_LITERAL_NULL_CONVERSION = YES;
				CLANG_WARN_OBJC_IMPLICIT_RETAIN_SELF = YES;
				CLANG_WARN_OBJC_LITERAL_CONVERSION = YES;
				CLANG_WARN_OBJC_ROOT_CLASS = YES_ERROR;
				CLANG_WARN_RANGE_LOOP_ANALYSIS = YES;
				CLANG_WARN_STRICT_PROTOTYPES = YES;
				CLANG_WARN_SUSPICIOUS_MOVE = YES;
				CLANG_WARN_UNGUARDED_AVAILABILITY = YES_AGGRESSIVE;
				CLANG_WARN_UNREACHABLE_CODE = YES;
				CLANG_WARN__DUPLICATE_METHOD_MATCH = YES;
				CODE_SIGN_IDENTITY = "iPhone Developer";
				COPY_PHASE_STRIP = NO;
				DEBUG_INFORMATION_FORMAT = "dwarf-with-dsym";
				ENABLE_NS_ASSERTIONS = NO;
				ENABLE_STRICT_OBJC_MSGSEND = YES;
				GCC_C_LANGUAGE_STANDARD = gnu11;
				GCC_NO_COMMON_BLOCKS = YES;
				GCC_WARN_64_TO_32_BIT_CONVERSION = YES;
				GCC_WARN_ABOUT_RETURN_TYPE = YES_ERROR;
				GCC_WARN_UNDECLARED_SELECTOR = YES;
				GCC_WARN_UNINITIALIZED_AUTOS = YES_AGGRESSIVE;
				GCC_WARN_UNUSED_FUNCTION = YES;
				GCC_WARN_UNUSED_VARIABLE = YES;
				IPHONEOS_DEPLOYMENT_TARGET = 10.0;
				MTL_ENABLE_DEBUG_INFO = NO;
				MTL_FAST_MATH = YES;
				SDKROOT = iphoneos;
				SWIFT_COMPILATION_MODE = wholemodule;
				SWIFT_OPTIMIZATION_LEVEL = "-O";
				VALIDATE_PRODUCT = YES;
			};
			name = Release;
		};
		91BC35102192C2DB00CDD785 /* Debug */ = {
			isa = XCBuildConfiguration;
			baseConfigurationReference = 8BF677FC9DD37A3F0E590A73 /* Pods-MVVM-ios.debug.xcconfig */;
			buildSettings = {
				ASSETCATALOG_COMPILER_APPICON_NAME = AppIcon;
				CODE_SIGN_STYLE = Automatic;
				DEVELOPMENT_TEAM = J4R9S2B67Z;
				INFOPLIST_FILE = "MVVM-ios/General/Support Files/Info.plist";
				LD_RUNPATH_SEARCH_PATHS = (
					"$(inherited)",
					"@executable_path/Frameworks",
				);
				PRODUCT_BUNDLE_IDENTIFIER = "Helix.MVVM-ios";
				PRODUCT_NAME = "$(TARGET_NAME)";
				SWIFT_VERSION = 4.2;
				TARGETED_DEVICE_FAMILY = "1,2";
			};
			name = Debug;
		};
		91BC35112192C2DB00CDD785 /* Release */ = {
			isa = XCBuildConfiguration;
			baseConfigurationReference = AAF51DB13A53C6CD1976688A /* Pods-MVVM-ios.release.xcconfig */;
			buildSettings = {
				ASSETCATALOG_COMPILER_APPICON_NAME = AppIcon;
				CODE_SIGN_STYLE = Automatic;
				DEVELOPMENT_TEAM = J4R9S2B67Z;
				INFOPLIST_FILE = "MVVM-ios/General/Support Files/Info.plist";
				LD_RUNPATH_SEARCH_PATHS = (
					"$(inherited)",
					"@executable_path/Frameworks",
				);
				PRODUCT_BUNDLE_IDENTIFIER = "Helix.MVVM-ios";
				PRODUCT_NAME = "$(TARGET_NAME)";
				SWIFT_VERSION = 4.2;
				TARGETED_DEVICE_FAMILY = "1,2";
			};
			name = Release;
		};
/* End XCBuildConfiguration section */

/* Begin XCConfigurationList section */
		91BC34F52192C2D900CDD785 /* Build configuration list for PBXProject "MVVM-ios" */ = {
			isa = XCConfigurationList;
			buildConfigurations = (
				91BC350D2192C2DB00CDD785 /* Debug */,
				91BC350E2192C2DB00CDD785 /* Release */,
			);
			defaultConfigurationIsVisible = 0;
			defaultConfigurationName = Release;
		};
		91BC350F2192C2DB00CDD785 /* Build configuration list for PBXNativeTarget "MVVM-ios" */ = {
			isa = XCConfigurationList;
			buildConfigurations = (
				91BC35102192C2DB00CDD785 /* Debug */,
				91BC35112192C2DB00CDD785 /* Release */,
			);
			defaultConfigurationIsVisible = 0;
			defaultConfigurationName = Release;
		};
/* End XCConfigurationList section */

/* Begin XCVersionGroup section */
		91BC35042192C2D900CDD785 /* MVVM_ios.xcdatamodeld */ = {
			isa = XCVersionGroup;
			children = (
				91BC35052192C2D900CDD785 /* MVVM_ios.xcdatamodel */,
			);
			currentVersion = 91BC35052192C2D900CDD785 /* MVVM_ios.xcdatamodel */;
			path = MVVM_ios.xcdatamodeld;
			sourceTree = "<group>";
			versionGroupType = wrapper.xcdatamodel;
		};
/* End XCVersionGroup section */
	};
	rootObject = 91BC34F22192C2D900CDD785 /* Project object */;
}
