// !$*UTF8*$!
{
	archiveVersion = 1;
	classes = {
	};
	objectVersion = 50;
	objects = {

/* Begin PBXBuildFile section */
		91BC34FE2192C2D900CDD785 /* AppDelegate.swift in Sources */ = {isa = PBXBuildFile; fileRef = 91BC34FD2192C2D900CDD785 /* AppDelegate.swift */; };
		91BC35002192C2D900CDD785 /* ViewController.swift in Sources */ = {isa = PBXBuildFile; fileRef = 91BC34FF2192C2D900CDD785 /* ViewController.swift */; };
		91BC35032192C2D900CDD785 /* Main.storyboard in Resources */ = {isa = PBXBuildFile; fileRef = 91BC35012192C2D900CDD785 /* Main.storyboard */; };
		91BC35062192C2D900CDD785 /* MVVM_ios.xcdatamodeld in Sources */ = {isa = PBXBuildFile; fileRef = 91BC35042192C2D900CDD785 /* MVVM_ios.xcdatamodeld */; };
		91BC35082192C2DB00CDD785 /* Assets.xcassets in Resources */ = {isa = PBXBuildFile; fileRef = 91BC35072192C2DB00CDD785 /* Assets.xcassets */; };
		91BC350B2192C2DB00CDD785 /* LaunchScreen.storyboard in Resources */ = {isa = PBXBuildFile; fileRef = 91BC35092192C2DB00CDD785 /* LaunchScreen.storyboard */; };
/* End PBXBuildFile section */

/* Begin PBXFileReference section */
		91BC34FA2192C2D900CDD785 /* MVVM-ios.app */ = {isa = PBXFileReference; explicitFileType = wrapper.application; includeInIndex = 0; path = "MVVM-ios.app"; sourceTree = BUILT_PRODUCTS_DIR; };
		91BC34FD2192C2D900CDD785 /* AppDelegate.swift */ = {isa = PBXFileReference; lastKnownFileType = sourcecode.swift; path = AppDelegate.swift; sourceTree = "<group>"; };
		91BC34FF2192C2D900CDD785 /* ViewController.swift */ = {isa = PBXFileReference; lastKnownFileType = sourcecode.swift; path = ViewController.swift; sourceTree = "<group>"; };
		91BC35022192C2D900CDD785 /* Base */ = {isa = PBXFileReference; lastKnownFileType = file.storyboard; name = Base; path = Base.lproj/Main.storyboard; sourceTree = "<group>"; };
		91BC35052192C2D900CDD785 /* MVVM_ios.xcdatamodel */ = {isa = PBXFileReference; lastKnownFileType = wrapper.xcdatamodel; path = MVVM_ios.xcdatamodel; sourceTree = "<group>"; };
		91BC35072192C2DB00CDD785 /* Assets.xcassets */ = {isa = PBXFileReference; lastKnownFileType = folder.assetcatalog; path = Assets.xcassets; sourceTree = "<group>"; };
		91BC350A2192C2DB00CDD785 /* Base */ = {isa = PBXFileReference; lastKnownFileType = file.storyboard; name = Base; path = Base.lproj/LaunchScreen.storyboard; sourceTree = "<group>"; };
		91BC350C2192C2DB00CDD785 /* Info.plist */ = {isa = PBXFileReference; lastKnownFileType = text.plist.xml; path = Info.plist; sourceTree = "<group>"; };
/* End PBXFileReference section */

/* Begin PBXFrameworksBuildPhase section */
		91BC34F72192C2D900CDD785 /* Frameworks */ = {
			isa = PBXFrameworksBuildPhase;
			buildActionMask = 2147483647;
			files = (
			);
			runOnlyForDeploymentPostprocessing = 0;
		};
/* End PBXFrameworksBuildPhase section */

/* Begin PBXGroup section */
		91BC34F12192C2D900CDD785 = {
			isa = PBXGroup;
			children = (
				91BC34FC2192C2D900CDD785 /* MVVM-ios */,
				91BC34FB2192C2D900CDD785 /* Products */,
			);
			sourceTree = "<group>";
		};
		91BC34FB2192C2D900CDD785 /* Products */ = {
			isa = PBXGroup;
			children = (
				91BC34FA2192C2D900CDD785 /* MVVM-ios.app */,
			);
			name = Products;
			sourceTree = "<group>";
		};
		91BC34FC2192C2D900CDD785 /* MVVM-ios */ = {
			isa = PBXGroup;
			children = (
				91BC34FD2192C2D900CDD785 /* AppDelegate.swift */,
				91BC34FF2192C2D900CDD785 /* ViewController.swift */,
				91BC35012192C2D900CDD785 /* Main.storyboard */,
				91BC35072192C2DB00CDD785 /* Assets.xcassets */,
				91BC35092192C2DB00CDD785 /* LaunchScreen.storyboard */,
				91BC350C2192C2DB00CDD785 /* Info.plist */,
				91BC35042192C2D900CDD785 /* MVVM_ios.xcdatamodeld */,
			);
			path = "MVVM-ios";
			sourceTree = "<group>";
		};
/* End PBXGroup section */

/* Begin PBXNativeTarget section */
		91BC34F92192C2D900CDD785 /* MVVM-ios */ = {
			isa = PBXNativeTarget;
			buildConfigurationList = 91BC350F2192C2DB00CDD785 /* Build configuration list for PBXNativeTarget "MVVM-ios" */;
			buildPhases = (
				91BC34F62192C2D900CDD785 /* Sources */,
				91BC34F72192C2D900CDD785 /* Frameworks */,
				91BC34F82192C2D900CDD785 /* Resources */,
			);
			buildRules = (
			);
			dependencies = (
			);
			name = "MVVM-ios";
			productName = "MVVM-ios";
			productReference = 91BC34FA2192C2D900CDD785 /* MVVM-ios.app */;
			productType = "com.apple.product-type.application";
		};
/* End PBXNativeTarget section */

/* Begin PBXProject section */
		91BC34F22192C2D900CDD785 /* Project object */ = {
			isa = PBXProject;
			attributes = {
				LastSwiftUpdateCheck = 1010;
				LastUpgradeCheck = 1010;
				ORGANIZATIONNAME = "Matevos Ghazaryan";
				TargetAttributes = {
					91BC34F92192C2D900CDD785 = {
						CreatedOnToolsVersion = 10.1;
					};
				};
			};
			buildConfigurationList = 91BC34F52192C2D900CDD785 /* Build configuration list for PBXProject "MVVM-ios" */;
			compatibilityVersion = "Xcode 9.3";
			developmentRegion = en;
			hasScannedForEncodings = 0;
			knownRegions = (
				en,
				Base,
			);
			mainGroup = 91BC34F12192C2D900CDD785;
			productRefGroup = 91BC34FB2192C2D900CDD785 /* Products */;
			projectDirPath = "";
			projectRoot = "";
			targets = (
				91BC34F92192C2D900CDD785 /* MVVM-ios */,
			);
		};
/* End PBXProject section */

/* Begin PBXResourcesBuildPhase section */
		91BC34F82192C2D900CDD785 /* Resources */ = {
			isa = PBXResourcesBuildPhase;
			buildActionMask = 2147483647;
			files = (
				91BC350B2192C2DB00CDD785 /* LaunchScreen.storyboard in Resources */,
				91BC35082192C2DB00CDD785 /* Assets.xcassets in Resources */,
				91BC35032192C2D900CDD785 /* Main.storyboard in Resources */,
			);
			runOnlyForDeploymentPostprocessing = 0;
		};
/* End PBXResourcesBuildPhase section */

/* Begin PBXSourcesBuildPhase section */
		91BC34F62192C2D900CDD785 /* Sources */ = {
			isa = PBXSourcesBuildPhase;
			buildActionMask = 2147483647;
			files = (
				91BC35002192C2D900CDD785 /* ViewController.swift in Sources */,
				91BC34FE2192C2D900CDD785 /* AppDelegate.swift in Sources */,
				91BC35062192C2D900CDD785 /* MVVM_ios.xcdatamodeld in Sources */,
			);
			runOnlyForDeploymentPostprocessing = 0;
		};
/* End PBXSourcesBuildPhase section */

/* Begin PBXVariantGroup section */
		91BC35012192C2D900CDD785 /* Main.storyboard */ = {
			isa = PBXVariantGroup;
			children = (
				91BC35022192C2D900CDD785 /* Base */,
			);
			name = Main.storyboard;
			sourceTree = "<group>";
		};
		91BC35092192C2DB00CDD785 /* LaunchScreen.storyboard */ = {
			isa = PBXVariantGroup;
			children = (
				91BC350A2192C2DB00CDD785 /* Base */,
			);
			name = LaunchScreen.storyboard;
			sourceTree = "<group>";
		};
/* End PBXVariantGroup section */

/* Begin XCBuildConfiguration section */
		91BC350D2192C2DB00CDD785 /* Debug */ = {
			isa = XCBuildConfiguration;
			buildSettings = {
				ALWAYS_SEARCH_USER_PATHS = NO;
				CLANG_ANALYZER_NONNULL = YES;
				CLANG_ANALYZER_NUMBER_OBJECT_CONVERSION = YES_AGGRESSIVE;
				CLANG_CXX_LANGUAGE_STANDARD = "gnu++14";
				CLANG_CXX_LIBRARY = "libc++";
				CLANG_ENABLE_MODULES = YES;
				CLANG_ENABLE_OBJC_ARC = YES;
				CLANG_ENABLE_OBJC_WEAK = YES;
				CLANG_WARN_BLOCK_CAPTURE_AUTORELEASING = YES;
				CLANG_WARN_BOOL_CONVERSION = YES;
				CLANG_WARN_COMMA = YES;
				CLANG_WARN_CONSTANT_CONVERSION = YES;
				CLANG_WARN_DEPRECATED_OBJC_IMPLEMENTATIONS = YES;
				CLANG_WARN_DIRECT_OBJC_ISA_USAGE = YES_ERROR;
				CLANG_WARN_DOCUMENTATION_COMMENTS = YES;
				CLANG_WARN_EMPTY_BODY = YES;
				CLANG_WARN_ENUM_CONVERSION = YES;
				CLANG_WARN_INFINITE_RECURSION = YES;
				CLANG_WARN_INT_CONVERSION = YES;
				CLANG_WARN_NON_LITERAL_NULL_CONVERSION = YES;
				CLANG_WARN_OBJC_IMPLICIT_RETAIN_SELF = YES;
				CLANG_WARN_OBJC_LITERAL_CONVERSION = YES;
				CLANG_WARN_OBJC_ROOT_CLASS = YES_ERROR;
				CLANG_WARN_RANGE_LOOP_ANALYSIS = YES;
				CLANG_WARN_STRICT_PROTOTYPES = YES;
				CLANG_WARN_SUSPICIOUS_MOVE = YES;
				CLANG_WARN_UNGUARDED_AVAILABILITY = YES_AGGRESSIVE;
				CLANG_WARN_UNREACHABLE_CODE = YES;
				CLANG_WARN__DUPLICATE_METHOD_MATCH = YES;
				CODE_SIGN_IDENTITY = "iPhone Developer";
				COPY_PHASE_STRIP = NO;
				DEBUG_INFORMATION_FORMAT = dwarf;
				ENABLE_STRICT_OBJC_MSGSEND = YES;
				ENABLE_TESTABILITY = YES;
				GCC_C_LANGUAGE_STANDARD = gnu11;
				GCC_DYNAMIC_NO_PIC = NO;
				GCC_NO_COMMON_BLOCKS = YES;
				GCC_OPTIMIZATION_LEVEL = 0;
				GCC_PREPROCESSOR_DEFINITIONS = (
					"DEBUG=1",
					"$(inherited)",
				);
				GCC_WARN_64_TO_32_BIT_CONVERSION = YES;
				GCC_WARN_ABOUT_RETURN_TYPE = YES_ERROR;
				GCC_WARN_UNDECLARED_SELECTOR = YES;
				GCC_WARN_UNINITIALIZED_AUTOS = YES_AGGRESSIVE;
				GCC_WARN_UNUSED_FUNCTION = YES;
				GCC_WARN_UNUSED_VARIABLE = YES;
				IPHONEOS_DEPLOYMENT_TARGET = 12.1;
				MTL_ENABLE_DEBUG_INFO = INCLUDE_SOURCE;
				MTL_FAST_MATH = YES;
				ONLY_ACTIVE_ARCH = YES;
				SDKROOT = iphoneos;
				SWIFT_ACTIVE_COMPILATION_CONDITIONS = DEBUG;
				SWIFT_OPTIMIZATION_LEVEL = "-Onone";
			};
			name = Debug;
		};
		91BC350E2192C2DB00CDD785 /* Release */ = {
			isa = XCBuildConfiguration;
			buildSettings = {
				ALWAYS_SEARCH_USER_PATHS = NO;
				CLANG_ANALYZER_NONNULL = YES;
				CLANG_ANALYZER_NUMBER_OBJECT_CONVERSION = YES_AGGRESSIVE;
				CLANG_CXX_LANGUAGE_STANDARD = "gnu++14";
				CLANG_CXX_LIBRARY = "libc++";
				CLANG_ENABLE_MODULES = YES;
				CLANG_ENABLE_OBJC_ARC = YES;
				CLANG_ENABLE_OBJC_WEAK = YES;
				CLANG_WARN_BLOCK_CAPTURE_AUTORELEASING = YES;
				CLANG_WARN_BOOL_CONVERSION = YES;
				CLANG_WARN_COMMA = YES;
				CLANG_WARN_CONSTANT_CONVERSION = YES;
				CLANG_WARN_DEPRECATED_OBJC_IMPLEMENTATIONS = YES;
				CLANG_WARN_DIRECT_OBJC_ISA_USAGE = YES_ERROR;
				CLANG_WARN_DOCUMENTATION_COMMENTS = YES;
				CLANG_WARN_EMPTY_BODY = YES;
				CLANG_WARN_ENUM_CONVERSION = YES;
				CLANG_WARN_INFINITE_RECURSION = YES;
				CLANG_WARN_INT_CONVERSION = YES;
				CLANG_WARN_NON_LITERAL_NULL_CONVERSION = YES;
				CLANG_WARN_OBJC_IMPLICIT_RETAIN_SELF = YES;
				CLANG_WARN_OBJC_LITERAL_CONVERSION = YES;
				CLANG_WARN_OBJC_ROOT_CLASS = YES_ERROR;
				CLANG_WARN_RANGE_LOOP_ANALYSIS = YES;
				CLANG_WARN_STRICT_PROTOTYPES = YES;
				CLANG_WARN_SUSPICIOUS_MOVE = YES;
				CLANG_WARN_UNGUARDED_AVAILABILITY = YES_AGGRESSIVE;
				CLANG_WARN_UNREACHABLE_CODE = YES;
				CLANG_WARN__DUPLICATE_METHOD_MATCH = YES;
				CODE_SIGN_IDENTITY = "iPhone Developer";
				COPY_PHASE_STRIP = NO;
				DEBUG_INFORMATION_FORMAT = "dwarf-with-dsym";
				ENABLE_NS_ASSERTIONS = NO;
				ENABLE_STRICT_OBJC_MSGSEND = YES;
				GCC_C_LANGUAGE_STANDARD = gnu11;
				GCC_NO_COMMON_BLOCKS = YES;
				GCC_WARN_64_TO_32_BIT_CONVERSION = YES;
				GCC_WARN_ABOUT_RETURN_TYPE = YES_ERROR;
				GCC_WARN_UNDECLARED_SELECTOR = YES;
				GCC_WARN_UNINITIALIZED_AUTOS = YES_AGGRESSIVE;
				GCC_WARN_UNUSED_FUNCTION = YES;
				GCC_WARN_UNUSED_VARIABLE = YES;
				IPHONEOS_DEPLOYMENT_TARGET = 12.1;
				MTL_ENABLE_DEBUG_INFO = NO;
				MTL_FAST_MATH = YES;
				SDKROOT = iphoneos;
				SWIFT_COMPILATION_MODE = wholemodule;
				SWIFT_OPTIMIZATION_LEVEL = "-O";
				VALIDATE_PRODUCT = YES;
			};
			name = Release;
		};
		91BC35102192C2DB00CDD785 /* Debug */ = {
			isa = XCBuildConfiguration;
			buildSettings = {
				ASSETCATALOG_COMPILER_APPICON_NAME = AppIcon;
				CODE_SIGN_STYLE = Automatic;
				DEVELOPMENT_TEAM = J4R9S2B67Z;
				INFOPLIST_FILE = "MVVM-ios/Info.plist";
				LD_RUNPATH_SEARCH_PATHS = (
					"$(inherited)",
					"@executable_path/Frameworks",
				);
				PRODUCT_BUNDLE_IDENTIFIER = "Helix.MVVM-ios";
				PRODUCT_NAME = "$(TARGET_NAME)";
				SWIFT_VERSION = 4.2;
				TARGETED_DEVICE_FAMILY = "1,2";
			};
			name = Debug;
		};
		91BC35112192C2DB00CDD785 /* Release */ = {
			isa = XCBuildConfiguration;
			buildSettings = {
				ASSETCATALOG_COMPILER_APPICON_NAME = AppIcon;
				CODE_SIGN_STYLE = Automatic;
				DEVELOPMENT_TEAM = J4R9S2B67Z;
				INFOPLIST_FILE = "MVVM-ios/Info.plist";
				LD_RUNPATH_SEARCH_PATHS = (
					"$(inherited)",
					"@executable_path/Frameworks",
				);
				PRODUCT_BUNDLE_IDENTIFIER = "Helix.MVVM-ios";
				PRODUCT_NAME = "$(TARGET_NAME)";
				SWIFT_VERSION = 4.2;
				TARGETED_DEVICE_FAMILY = "1,2";
			};
			name = Release;
		};
/* End XCBuildConfiguration section */

/* Begin XCConfigurationList section */
		91BC34F52192C2D900CDD785 /* Build configuration list for PBXProject "MVVM-ios" */ = {
			isa = XCConfigurationList;
			buildConfigurations = (
				91BC350D2192C2DB00CDD785 /* Debug */,
				91BC350E2192C2DB00CDD785 /* Release */,
			);
			defaultConfigurationIsVisible = 0;
			defaultConfigurationName = Release;
		};
		91BC350F2192C2DB00CDD785 /* Build configuration list for PBXNativeTarget "MVVM-ios" */ = {
			isa = XCConfigurationList;
			buildConfigurations = (
				91BC35102192C2DB00CDD785 /* Debug */,
				91BC35112192C2DB00CDD785 /* Release */,
			);
			defaultConfigurationIsVisible = 0;
			defaultConfigurationName = Release;
		};
/* End XCConfigurationList section */

/* Begin XCVersionGroup section */
		91BC35042192C2D900CDD785 /* MVVM_ios.xcdatamodeld */ = {
			isa = XCVersionGroup;
			children = (
				91BC35052192C2D900CDD785 /* MVVM_ios.xcdatamodel */,
			);
			currentVersion = 91BC35052192C2D900CDD785 /* MVVM_ios.xcdatamodel */;
			path = MVVM_ios.xcdatamodeld;
			sourceTree = "<group>";
			versionGroupType = wrapper.xcdatamodel;
		};
/* End XCVersionGroup section */
	};
	rootObject = 91BC34F22192C2D900CDD785 /* Project object */;
}
